
Microsoft Visual Studio Solution File, Format Version 12.00
# Visual Studio Version 17
VisualStudioVersion = 17.4.33213.308
MinimumVisualStudioVersion = 10.0.40219.1
Project("{FAE04EC0-301F-11D3-BF4B-00C04F79EFBC}") = "JwtAuthAspNet7WebAPI", "JwtAuthAspNet7WebAPI\JwtAuthAspNet7WebAPI.csproj", "{12CE4F42-C610-4F72-8990-D56DBC60AA41}"
EndProject
Global
	GlobalSection(SolutionConfigurationPlatforms) = preSolution
		Debug|Any CPU = Debug|Any CPU
		Release|Any CPU = Release|Any CPU
	EndGlobalSection
	GlobalSection(ProjectConfigurationPlatforms) = postSolution
		{12CE4F42-C610-4F72-8990-D56DBC60AA41}.Debug|Any CPU.ActiveCfg = Debug|Any CPU
		{12CE4F42-C610-4F72-8990-D56DBC60AA41}.Debug|Any CPU.Build.0 = Debug|Any CPU
		{12CE4F42-C610-4F72-8990-D56DBC60AA41}.Release|Any CPU.ActiveCfg = Release|Any CPU
		{12CE4F42-C610-4F72-8990-D56DBC60AA41}.Release|Any CPU.Build.0 = Release|Any CPU
	EndGlobalSection
	GlobalSection(SolutionProperties) = preSolution
		HideSolutionNode = FALSE
	EndGlobalSection
	GlobalSection(ExtensibilityGlobals) = postSolution
		SolutionGuid = {3ED996BE-7E95-48B7-8EB1-3787C9A9F2C5}
	EndGlobalSection
EndGlobal
